// !$*UTF8*$!
{
	archiveVersion = 1;
	classes = {
	};
	objectVersion = 77;
	objects = {

/* Begin PBXBuildFile section */
		644D5A602FFC42C900204FD5 /* Sparkle in Frameworks */ = {isa = PBXBuildFile; productRef = 644D5A5F2FFC42C900204FD5 /* Sparkle */; };
		64E3101C2FDB0EEF00BD0F01 /* UserNotifications.framework in Frameworks */ = {isa = PBXBuildFile; fileRef = 64E3101A2FDB0EEF00BD0F01 /* UserNotifications.framework */; };
		64E3101D2FDB0EEF00BD0F01 /* UserNotificationsUI.framework in Frameworks */ = {isa = PBXBuildFile; fileRef = 64E3101B2FDB0EEF00BD0F01 /* UserNotificationsUI.framework */; };
/* End PBXBuildFile section */

/* Begin PBXContainerItemProxy section */
		648E39D32FD6335100EE3177 /* PBXContainerItemProxy */ = {
			isa = PBXContainerItemProxy;
			containerPortal = 648E39B82FD6334E00EE3177 /* Project object */;
			proxyType = 1;
			remoteGlobalIDString = 648E39BF2FD6334E00EE3177;
			remoteInfo = "Newtowk Sync";
		};
		648E39DD2FD6335100EE3177 /* PBXContainerItemProxy */ = {
			isa = PBXContainerItemProxy;
			containerPortal = 648E39B82FD6334E00EE3177 /* Project object */;
			proxyType = 1;
			remoteGlobalIDString = 648E39BF2FD6334E00EE3177;
			remoteInfo = "Newtowk Sync";
		};
/* End PBXContainerItemProxy section */

/* Begin PBXFileReference section */
		648E39C02FD6334E00EE3177 /* Network Sync.app */ = {isa = PBXFileReference; explicitFileType = wrapper.application; includeInIndex = 0; path = "Network Sync.app"; sourceTree = BUILT_PRODUCTS_DIR; };
		648E39D22FD6335100EE3177 /* Network SyncTests.xctest */ = {isa = PBXFileReference; explicitFileType = wrapper.cfbundle; includeInIndex = 0; path = "Network SyncTests.xctest"; sourceTree = BUILT_PRODUCTS_DIR; };
		648E39DC2FD6335100EE3177 /* Network SyncUITests.xctest */ = {isa = PBXFileReference; explicitFileType = wrapper.cfbundle; includeInIndex = 0; path = "Network SyncUITests.xctest"; sourceTree = BUILT_PRODUCTS_DIR; };
		64E3101A2FDB0EEF00BD0F01 /* UserNotifications.framework */ = {isa = PBXFileReference; lastKnownFileType = wrapper.framework; name = UserNotifications.framework; path = System/Library/Frameworks/UserNotifications.framework; sourceTree = SDKROOT; };
		64E3101B2FDB0EEF00BD0F01 /* UserNotificationsUI.framework */ = {isa = PBXFileReference; lastKnownFileType = wrapper.framework; name = UserNotificationsUI.framework; path = System/Library/Frameworks/UserNotificationsUI.framework; sourceTree = SDKROOT; };
/* End PBXFileReference section */

/* Begin PBXFileSystemSynchronizedRootGroup section */
		648E39C22FD6334E00EE3177 /* Network Sync */ = {
			isa = PBXFileSystemSynchronizedRootGroup;
			path = "Network Sync";
			sourceTree = "<group>";
		};
		648E39D52FD6335100EE3177 /* Network SyncTests */ = {
			isa = PBXFileSystemSynchronizedRootGroup;
			path = "Network SyncTests";
			sourceTree = "<group>";
		};
		648E39DF2FD6335100EE3177 /* Network SyncUITests */ = {
			isa = PBXFileSystemSynchronizedRootGroup;
			path = "Network SyncUITests";
			sourceTree = "<group>";
		};
/* End PBXFileSystemSynchronizedRootGroup section */

/* Begin PBXFrameworksBuildPhase section */
		648E39BD2FD6334E00EE3177 /* Frameworks */ = {
			isa = PBXFrameworksBuildPhase;
			buildActionMask = 2147483647;
			files = (
				644D5A602FFC42C900204FD5 /* Sparkle in Frameworks */,
				64E3101D2FDB0EEF00BD0F01 /* UserNotificationsUI.framework in Frameworks */,
				64E3101C2FDB0EEF00BD0F01 /* UserNotifications.framework in Frameworks */,
			);
			runOnlyForDeploymentPostprocessing = 0;
		};
		648E39CF2FD6335100EE3177 /* Frameworks */ = {
			isa = PBXFrameworksBuildPhase;
			buildActionMask = 2147483647;
			files = (
			);
			runOnlyForDeploymentPostprocessing = 0;
		};
		648E39D92FD6335100EE3177 /* Frameworks */ = {
			isa = PBXFrameworksBuildPhase;
			buildActionMask = 2147483647;
			files = (
			);
			runOnlyForDeploymentPostprocessing = 0;
		};
/* End PBXFrameworksBuildPhase section */

/* Begin PBXGroup section */
		648E39B72FD6334E00EE3177 = {
			isa = PBXGroup;
			children = (
				648E39C22FD6334E00EE3177 /* Network Sync */,
				648E39D52FD6335100EE3177 /* Network SyncTests */,
				648E39DF2FD6335100EE3177 /* Network SyncUITests */,
				64E310192FDB0EEF00BD0F01 /* Frameworks */,
				648E39C12FD6334E00EE3177 /* Products */,
			);
			sourceTree = "<group>";
		};
		648E39C12FD6334E00EE3177 /* Products */ = {
			isa = PBXGroup;
			children = (
				648E39C02FD6334E00EE3177 /* Network Sync.app */,
				648E39D22FD6335100EE3177 /* Network SyncTests.xctest */,
				648E39DC2FD6335100EE3177 /* Network SyncUITests.xctest */,
			);
			name = Products;
			sourceTree = "<group>";
		};
		64E310192FDB0EEF00BD0F01 /* Frameworks */ = {
			isa = PBXGroup;
			children = (
				64E3101A2FDB0EEF00BD0F01 /* UserNotifications.framework */,
				64E3101B2FDB0EEF00BD0F01 /* UserNotificationsUI.framework */,
			);
			name = Frameworks;
			sourceTree = "<group>";
		};
/* End PBXGroup section */

/* Begin PBXNativeTarget section */
		648E39BF2FD6334E00EE3177 /* Network Sync */ = {
			isa = PBXNativeTarget;
			buildConfigurationList = 648E39E62FD6335100EE3177 /* Build configuration list for PBXNativeTarget "Network Sync" */;
			buildPhases = (
				648E39BC2FD6334E00EE3177 /* Sources */,
				648E39BD2FD6334E00EE3177 /* Frameworks */,
				648E39BE2FD6334E00EE3177 /* Resources */,
			);
			buildRules = (
			);
			dependencies = (
			);
			fileSystemSynchronizedGroups = (
				648E39C22FD6334E00EE3177 /* Network Sync */,
			);
			name = "Network Sync";
			packageProductDependencies = (
				644D5A5F2FFC42C900204FD5 /* Sparkle */,
			);
			productName = "Newtowk Sync";
			productReference = 648E39C02FD6334E00EE3177 /* Network Sync.app */;
			productType = "com.apple.product-type.application";
		};
		648E39D12FD6335100EE3177 /* Network SyncTests */ = {
			isa = PBXNativeTarget;
			buildConfigurationList = 648E39E92FD6335100EE3177 /* Build configuration list for PBXNativeTarget "Network SyncTests" */;
			buildPhases = (
				648E39CE2FD6335100EE3177 /* Sources */,
				648E39CF2FD6335100EE3177 /* Frameworks */,
				648E39D02FD6335100EE3177 /* Resources */,
			);
			buildRules = (
			);
			dependencies = (
				648E39D42FD6335100EE3177 /* PBXTargetDependency */,
			);
			fileSystemSynchronizedGroups = (
				648E39D52FD6335100EE3177 /* Network SyncTests */,
			);
			name = "Network SyncTests";
			packageProductDependencies = (
			);
			productName = "Newtowk SyncTests";
			productReference = 648E39D22FD6335100EE3177 /* Network SyncTests.xctest */;
			productType = "com.apple.product-type.bundle.unit-test";
		};
		648E39DB2FD6335100EE3177 /* Network SyncUITests */ = {
			isa = PBXNativeTarget;
			buildConfigurationList = 648E39EC2FD6335100EE3177 /* Build configuration list for PBXNativeTarget "Network SyncUITests" */;
			buildPhases = (
				648E39D82FD6335100EE3177 /* Sources */,
				648E39D92FD6335100EE3177 /* Frameworks */,
				648E39DA2FD6335100EE3177 /* Resources */,
			);
			buildRules = (
			);
			dependencies = (
				648E39DE2FD6335100EE3177 /* PBXTargetDependency */,
			);
			fileSystemSynchronizedGroups = (
				648E39DF2FD6335100EE3177 /* Network SyncUITests */,
			);
			name = "Network SyncUITests";
			packageProductDependencies = (
			);
			productName = "Newtowk SyncUITests";
			productReference = 648E39DC2FD6335100EE3177 /* Network SyncUITests.xctest */;
			productType = "com.apple.product-type.bundle.ui-testing";
		};
/* End PBXNativeTarget section */

/* Begin PBXProject section */
		648E39B82FD6334E00EE3177 /* Project object */ = {
			isa = PBXProject;
			attributes = {
				BuildIndependentTargetsInParallel = 1;
				LastSwiftUpdateCheck = 2650;
				LastUpgradeCheck = 2650;
				TargetAttributes = {
					648E39BF2FD6334E00EE3177 = {
						CreatedOnToolsVersion = 26.5;
					};
					648E39D12FD6335100EE3177 = {
						CreatedOnToolsVersion = 26.5;
						TestTargetID = 648E39BF2FD6334E00EE3177;
					};
					648E39DB2FD6335100EE3177 = {
						CreatedOnToolsVersion = 26.5;
						TestTargetID = 648E39BF2FD6334E00EE3177;
					};
				};
			};
			buildConfigurationList = 648E39BB2FD6334E00EE3177 /* Build configuration list for PBXProject "Network Sync" */;
			developmentRegion = en;
			hasScannedForEncodings = 0;
			knownRegions = (
				en,
				Base,
			);
			mainGroup = 648E39B72FD6334E00EE3177;
			minimizedProjectReferenceProxies = 1;
			packageReferences = (
				644D5A5E2FFC40D300204FD5 /* XCRemoteSwiftPackageReference "Sparkle" */,
			);
			preferredProjectObjectVersion = 77;
			productRefGroup = 648E39C12FD6334E00EE3177 /* Products */;
			projectDirPath = "";
			projectRoot = "";
			targets = (
				648E39BF2FD6334E00EE3177 /* Network Sync */,
				648E39D12FD6335100EE3177 /* Network SyncTests */,
				648E39DB2FD6335100EE3177 /* Network SyncUITests */,
			);
		};
/* End PBXProject section */

/* Begin PBXResourcesBuildPhase section */
		648E39BE2FD6334E00EE3177 /* Resources */ = {
			isa = PBXResourcesBuildPhase;
			buildActionMask = 2147483647;
			files = (
			);
			runOnlyForDeploymentPostprocessing = 0;
		};
		648E39D02FD6335100EE3177 /* Resources */ = {
			isa = PBXResourcesBuildPhase;
			buildActionMask = 2147483647;
			files = (
			);
			runOnlyForDeploymentPostprocessing = 0;
		};
		648E39DA2FD6335100EE3177 /* Resources */ = {
			isa = PBXResourcesBuildPhase;
			buildActionMask = 2147483647;
			files = (
			);
			runOnlyForDeploymentPostprocessing = 0;
		};
/* End PBXResourcesBuildPhase section */

/* Begin PBXSourcesBuildPhase section */
		648E39BC2FD6334E00EE3177 /* Sources */ = {
			isa = PBXSourcesBuildPhase;
			buildActionMask = 2147483647;
			files = (
			);
			runOnlyForDeploymentPostprocessing = 0;
		};
		648E39CE2FD6335100EE3177 /* Sources */ = {
			isa = PBXSourcesBuildPhase;
			buildActionMask = 2147483647;
			files = (
			);
			runOnlyForDeploymentPostprocessing = 0;
		};
		648E39D82FD6335100EE3177 /* Sources */ = {
			isa = PBXSourcesBuildPhase;
			buildActionMask = 2147483647;
			files = (
			);
			runOnlyForDeploymentPostprocessing = 0;
		};
/* End PBXSourcesBuildPhase section */

/* Begin PBXTargetDependency section */
		648E39D42FD6335100EE3177 /* PBXTargetDependency */ = {
			isa = PBXTargetDependency;
			target = 648E39BF2FD6334E00EE3177 /* Network Sync */;
			targetProxy = 648E39D32FD6335100EE3177 /* PBXContainerItemProxy */;
		};
		648E39DE2FD6335100EE3177 /* PBXTargetDependency */ = {
			isa = PBXTargetDependency;
			target = 648E39BF2FD6334E00EE3177 /* Network Sync */;
			targetProxy = 648E39DD2FD6335100EE3177 /* PBXContainerItemProxy */;
		};
/* End PBXTargetDependency section */

/* Begin XCBuildConfiguration section */
		648E39E42FD6335100EE3177 /* Debug */ = {
			isa = XCBuildConfiguration;
			buildSettings = {
				ALWAYS_SEARCH_USER_PATHS = NO;
				ASSETCATALOG_COMPILER_GENERATE_SWIFT_ASSET_SYMBOL_EXTENSIONS = YES;
				CLANG_ANALYZER_NONNULL = YES;
				CLANG_ANALYZER_NUMBER_OBJECT_CONVERSION = YES_AGGRESSIVE;
				CLANG_CXX_LANGUAGE_STANDARD = "gnu++20";
				CLANG_ENABLE_MODULES = YES;
				CLANG_ENABLE_OBJC_ARC = YES;
				CLANG_ENABLE_OBJC_WEAK = YES;
				CLANG_WARN_BLOCK_CAPTURE_AUTORELEASING = YES;
				CLANG_WARN_BOOL_CONVERSION = YES;
				CLANG_WARN_COMMA = YES;
				CLANG_WARN_CONSTANT_CONVERSION = YES;
				CLANG_WARN_DEPRECATED_OBJC_IMPLEMENTATIONS = YES;
				CLANG_WARN_DIRECT_OBJC_ISA_USAGE = YES_ERROR;
				CLANG_WARN_DOCUMENTATION_COMMENTS = YES;
				CLANG_WARN_EMPTY_BODY = YES;
				CLANG_WARN_ENUM_CONVERSION = YES;
				CLANG_WARN_INFINITE_RECURSION = YES;
				CLANG_WARN_INT_CONVERSION = YES;
				CLANG_WARN_NON_LITERAL_NULL_CONVERSION = YES;
				CLANG_WARN_OBJC_IMPLICIT_RETAIN_SELF = YES;
				CLANG_WARN_OBJC_LITERAL_CONVERSION = YES;
				CLANG_WARN_OBJC_ROOT_CLASS = YES_ERROR;
				CLANG_WARN_QUOTED_INCLUDE_IN_FRAMEWORK_HEADER = YES;
				CLANG_WARN_RANGE_LOOP_ANALYSIS = YES;
				CLANG_WARN_STRICT_PROTOTYPES = YES;
				CLANG_WARN_SUSPICIOUS_MOVE = YES;
				CLANG_WARN_UNGUARDED_AVAILABILITY = YES_AGGRESSIVE;
				CLANG_WARN_UNREACHABLE_CODE = YES;
				CLANG_WARN__DUPLICATE_METHOD_MATCH = YES;
				COPY_PHASE_STRIP = NO;
				DEBUG_INFORMATION_FORMAT = dwarf;
				DEVELOPMENT_TEAM = GAYT638PXY;
				ENABLE_STRICT_OBJC_MSGSEND = YES;
				ENABLE_TESTABILITY = YES;
				ENABLE_USER_SCRIPT_SANDBOXING = YES;
				GCC_C_LANGUAGE_STANDARD = gnu17;
				GCC_DYNAMIC_NO_PIC = NO;
				GCC_NO_COMMON_BLOCKS = YES;
				GCC_OPTIMIZATION_LEVEL = 0;
				GCC_PREPROCESSOR_DEFINITIONS = (
					"DEBUG=1",
					"$(inherited)",
				);
				GCC_WARN_64_TO_32_BIT_CONVERSION = YES;
				GCC_WARN_ABOUT_RETURN_TYPE = YES_ERROR;
				GCC_WARN_UNDECLARED_SELECTOR = YES;
				GCC_WARN_UNINITIALIZED_AUTOS = YES_AGGRESSIVE;
				GCC_WARN_UNUSED_FUNCTION = YES;
				GCC_WARN_UNUSED_VARIABLE = YES;
				LOCALIZATION_PREFERS_STRING_CATALOGS = YES;
				MACOSX_DEPLOYMENT_TARGET = 26.5;
				MTL_ENABLE_DEBUG_INFO = INCLUDE_SOURCE;
				MTL_FAST_MATH = YES;
				ONLY_ACTIVE_ARCH = YES;
				SDKROOT = macosx;
				SWIFT_ACTIVE_COMPILATION_CONDITIONS = "DEBUG $(inherited)";
				SWIFT_OPTIMIZATION_LEVEL = "-Onone";
			};
			name = Debug;
		};
		648E39E52FD6335100EE3177 /* Release */ = {
			isa = XCBuildConfiguration;
			buildSettings = {
				ALWAYS_SEARCH_USER_PATHS = NO;
				ASSETCATALOG_COMPILER_GENERATE_SWIFT_ASSET_SYMBOL_EXTENSIONS = YES;
				CLANG_ANALYZER_NONNULL = YES;
				CLANG_ANALYZER_NUMBER_OBJECT_CONVERSION = YES_AGGRESSIVE;
				CLANG_CXX_LANGUAGE_STANDARD = "gnu++20";
				CLANG_ENABLE_MODULES = YES;
				CLANG_ENABLE_OBJC_ARC = YES;
				CLANG_ENABLE_OBJC_WEAK = YES;
				CLANG_WARN_BLOCK_CAPTURE_AUTORELEASING = YES;
				CLANG_WARN_BOOL_CONVERSION = YES;
				CLANG_WARN_COMMA = YES;
				CLANG_WARN_CONSTANT_CONVERSION = YES;
				CLANG_WARN_DEPRECATED_OBJC_IMPLEMENTATIONS = YES;
				CLANG_WARN_DIRECT_OBJC_ISA_USAGE = YES_ERROR;
				CLANG_WARN_DOCUMENTATION_COMMENTS = YES;
				CLANG_WARN_EMPTY_BODY = YES;
				CLANG_WARN_ENUM_CONVERSION = YES;
				CLANG_WARN_INFINITE_RECURSION = YES;
				CLANG_WARN_INT_CONVERSION = YES;
				CLANG_WARN_NON_LITERAL_NULL_CONVERSION = YES;
				CLANG_WARN_OBJC_IMPLICIT_RETAIN_SELF = YES;
				CLANG_WARN_OBJC_LITERAL_CONVERSION = YES;
				CLANG_WARN_OBJC_ROOT_CLASS = YES_ERROR;
				CLANG_WARN_QUOTED_INCLUDE_IN_FRAMEWORK_HEADER = YES;
				CLANG_WARN_RANGE_LOOP_ANALYSIS = YES;
				CLANG_WARN_STRICT_PROTOTYPES = YES;
				CLANG_WARN_SUSPICIOUS_MOVE = YES;
				CLANG_WARN_UNGUARDED_AVAILABILITY = YES_AGGRESSIVE;
				CLANG_WARN_UNREACHABLE_CODE = YES;
				CLANG_WARN__DUPLICATE_METHOD_MATCH = YES;
				COPY_PHASE_STRIP = NO;
				DEBUG_INFORMATION_FORMAT = "dwarf-with-dsym";
				DEVELOPMENT_TEAM = GAYT638PXY;
				ENABLE_NS_ASSERTIONS = NO;
				ENABLE_STRICT_OBJC_MSGSEND = YES;
				ENABLE_USER_SCRIPT_SANDBOXING = YES;
				GCC_C_LANGUAGE_STANDARD = gnu17;
				GCC_NO_COMMON_BLOCKS = YES;
				GCC_WARN_64_TO_32_BIT_CONVERSION = YES;
				GCC_WARN_ABOUT_RETURN_TYPE = YES_ERROR;
				GCC_WARN_UNDECLARED_SELECTOR = YES;
				GCC_WARN_UNINITIALIZED_AUTOS = YES_AGGRESSIVE;
				GCC_WARN_UNUSED_FUNCTION = YES;
				GCC_WARN_UNUSED_VARIABLE = YES;
				LOCALIZATION_PREFERS_STRING_CATALOGS = YES;
				MACOSX_DEPLOYMENT_TARGET = 26.5;
				MTL_ENABLE_DEBUG_INFO = NO;
				MTL_FAST_MATH = YES;
				SDKROOT = macosx;
				SWIFT_COMPILATION_MODE = wholemodule;
			};
			name = Release;
		};
		648E39E72FD6335100EE3177 /* Debug */ = {
			isa = XCBuildConfiguration;
			buildSettings = {
				ASSETCATALOG_COMPILER_APPICON_NAME = AppIcon;
				ASSETCATALOG_COMPILER_GLOBAL_ACCENT_COLOR_NAME = AccentColor;
				ASSETCATALOG_COMPILER_INCLUDE_ALL_APPICON_ASSETS = YES;
				CODE_SIGN_ENTITLEMENTS = "Network Sync/Network_Sync.entitlements";
				"CODE_SIGN_IDENTITY[sdk=macosx*]" = "Apple Development";
				CODE_SIGN_STYLE = Automatic;
				COMBINE_HIDPI_IMAGES = YES;
				CURRENT_PROJECT_VERSION = 202607071429;
				DEVELOPMENT_TEAM = GAYT638PXY;
				ENABLE_HARDENED_RUNTIME = YES;
				ENABLE_PREVIEWS = YES;
				ENABLE_USER_SELECTED_FILES = readwrite;
				GENERATE_INFOPLIST_FILE = YES;
				INFOPLIST_FILE = "Newtowk-Sync-Info.plist";
				INFOPLIST_KEY_CFBundleDisplayName = "Network Sync";
				INFOPLIST_KEY_LSApplicationCategoryType = "public.app-category.productivity";
				INFOPLIST_KEY_NSHumanReadableCopyright = "";
				INFOPLIST_KEY_NSLocalNetworkUsageDescription = "Network Sync discovers HyperDecks, ATEM switchers, and cloud storage on your local network so it can control and sync with them.";
				LD_RUNPATH_SEARCH_PATHS = (
					"$(inherited)",
					"@executable_path/../Frameworks",
				);
				MACOSX_DEPLOYMENT_TARGET = 26.0;
				MARKETING_VERSION = 0.0.1-alpha;
				PRODUCT_BUNDLE_IDENTIFIER = "com.ROSESASHUMANS.Newtowk-Sync";
				PRODUCT_NAME = "$(TARGET_NAME)";
				STRING_CATALOG_GENERATE_SYMBOLS = YES;
				SWIFT_APPROACHABLE_CONCURRENCY = YES;
				SWIFT_DEFAULT_ACTOR_ISOLATION = MainActor;
				SWIFT_EMIT_LOC_STRINGS = YES;
				SWIFT_UPCOMING_FEATURE_MEMBER_IMPORT_VISIBILITY = YES;
				SWIFT_VERSION = 6.0;
			};
			name = Debug;
		};
		648E39E82FD6335100EE3177 /* Release */ = {
			isa = XCBuildConfiguration;
			buildSettings = {
				ASSETCATALOG_COMPILER_APPICON_NAME = AppIcon;
				ASSETCATALOG_COMPILER_GLOBAL_ACCENT_COLOR_NAME = AccentColor;
				ASSETCATALOG_COMPILER_INCLUDE_ALL_APPICON_ASSETS = YES;
				CODE_SIGN_ENTITLEMENTS = "Network Sync/Network_Sync.entitlements";
				"CODE_SIGN_IDENTITY[sdk=macosx*]" = "Apple Development";
				CODE_SIGN_STYLE = Automatic;
				COMBINE_HIDPI_IMAGES = YES;
				CURRENT_PROJECT_VERSION = 202607071429;
				DEVELOPMENT_TEAM = GAYT638PXY;
				ENABLE_HARDENED_RUNTIME = YES;
				ENABLE_PREVIEWS = YES;
				ENABLE_USER_SELECTED_FILES = readwrite;
				GENERATE_INFOPLIST_FILE = YES;
				INFOPLIST_FILE = "Newtowk-Sync-Info.plist";
				INFOPLIST_KEY_CFBundleDisplayName = "Network Sync";
				INFOPLIST_KEY_LSApplicationCategoryType = "public.app-category.productivity";
				INFOPLIST_KEY_NSHumanReadableCopyright = "";
				INFOPLIST_KEY_NSLocalNetworkUsageDescription = "Network Sync discovers HyperDecks, ATEM switchers, and cloud storage on your local network so it can control and sync with them.";
				LD_RUNPATH_SEARCH_PATHS = (
					"$(inherited)",
					"@executable_path/../Frameworks",
				);
				MACOSX_DEPLOYMENT_TARGET = 26.0;
				MARKETING_VERSION = 0.0.1-alpha;
				PRODUCT_BUNDLE_IDENTIFIER = "com.ROSESASHUMANS.Newtowk-Sync";
				PRODUCT_NAME = "$(TARGET_NAME)";
				STRING_CATALOG_GENERATE_SYMBOLS = YES;
				SWIFT_APPROACHABLE_CONCURRENCY = YES;
				SWIFT_DEFAULT_ACTOR_ISOLATION = MainActor;
				SWIFT_EMIT_LOC_STRINGS = YES;
				SWIFT_UPCOMING_FEATURE_MEMBER_IMPORT_VISIBILITY = YES;
				SWIFT_VERSION = 6.0;
			};
			name = Release;
		};
		648E39EA2FD6335100EE3177 /* Debug */ = {
			isa = XCBuildConfiguration;
			buildSettings = {
				BUNDLE_LOADER = "$(TEST_HOST)";
				CODE_SIGN_STYLE = Automatic;
				CURRENT_PROJECT_VERSION = 202607071429;
				DEVELOPMENT_TEAM = GAYT638PXY;
				GENERATE_INFOPLIST_FILE = YES;
				MACOSX_DEPLOYMENT_TARGET = 26.5;
				MARKETING_VERSION = 0.0.1-alpha;
				PRODUCT_BUNDLE_IDENTIFIER = "com.ROSESASHUMANS.Newtowk-SyncTests";
				PRODUCT_NAME = "$(TARGET_NAME)";
				STRING_CATALOG_GENERATE_SYMBOLS = NO;
				SWIFT_APPROACHABLE_CONCURRENCY = YES;
				SWIFT_EMIT_LOC_STRINGS = NO;
				SWIFT_UPCOMING_FEATURE_MEMBER_IMPORT_VISIBILITY = YES;
				SWIFT_VERSION = 5.0;
				TEST_HOST = "$(BUILT_PRODUCTS_DIR)/Network Sync.app/$(BUNDLE_EXECUTABLE_FOLDER_PATH)/Network Sync";
			};
			name = Debug;
		};
		648E39EB2FD6335100EE3177 /* Release */ = {
			isa = XCBuildConfiguration;
			buildSettings = {
				BUNDLE_LOADER = "$(TEST_HOST)";
				CODE_SIGN_STYLE = Automatic;
				CURRENT_PROJECT_VERSION = 202607071429;
				DEVELOPMENT_TEAM = GAYT638PXY;
				GENERATE_INFOPLIST_FILE = YES;
				MACOSX_DEPLOYMENT_TARGET = 26.5;
				MARKETING_VERSION = 0.0.1-alpha;
				PRODUCT_BUNDLE_IDENTIFIER = "com.ROSESASHUMANS.Newtowk-SyncTests";
				PRODUCT_NAME = "$(TARGET_NAME)";
				STRING_CATALOG_GENERATE_SYMBOLS = NO;
				SWIFT_APPROACHABLE_CONCURRENCY = YES;
				SWIFT_EMIT_LOC_STRINGS = NO;
				SWIFT_UPCOMING_FEATURE_MEMBER_IMPORT_VISIBILITY = YES;
				SWIFT_VERSION = 5.0;
				TEST_HOST = "$(BUILT_PRODUCTS_DIR)/Network Sync.app/$(BUNDLE_EXECUTABLE_FOLDER_PATH)/Network Sync";
			};
			name = Release;
		};
		648E39ED2FD6335100EE3177 /* Debug */ = {
			isa = XCBuildConfiguration;
			buildSettings = {
				CODE_SIGN_STYLE = Automatic;
				CURRENT_PROJECT_VERSION = 202607071429;
				DEVELOPMENT_TEAM = GAYT638PXY;
				GENERATE_INFOPLIST_FILE = YES;
				MARKETING_VERSION = 0.0.1-alpha;
				PRODUCT_BUNDLE_IDENTIFIER = "com.ROSESASHUMANS.Newtowk-SyncUITests";
				PRODUCT_NAME = "$(TARGET_NAME)";
				STRING_CATALOG_GENERATE_SYMBOLS = NO;
				SWIFT_APPROACHABLE_CONCURRENCY = YES;
				SWIFT_EMIT_LOC_STRINGS = NO;
				SWIFT_UPCOMING_FEATURE_MEMBER_IMPORT_VISIBILITY = YES;
				SWIFT_VERSION = 5.0;
				TEST_TARGET_NAME = "Newtowk Sync";
			};
			name = Debug;
		};
		648E39EE2FD6335100EE3177 /* Release */ = {
			isa = XCBuildConfiguration;
			buildSettings = {
				CODE_SIGN_STYLE = Automatic;
				CURRENT_PROJECT_VERSION = 202607071429;
				DEVELOPMENT_TEAM = GAYT638PXY;
				GENERATE_INFOPLIST_FILE = YES;
				MARKETING_VERSION = 0.0.1-alpha;
				PRODUCT_BUNDLE_IDENTIFIER = "com.ROSESASHUMANS.Newtowk-SyncUITests";
				PRODUCT_NAME = "$(TARGET_NAME)";
				STRING_CATALOG_GENERATE_SYMBOLS = NO;
				SWIFT_APPROACHABLE_CONCURRENCY = YES;
				SWIFT_EMIT_LOC_STRINGS = NO;
				SWIFT_UPCOMING_FEATURE_MEMBER_IMPORT_VISIBILITY = YES;
				SWIFT_VERSION = 5.0;
				TEST_TARGET_NAME = "Newtowk Sync";
			};
			name = Release;
		};
/* End XCBuildConfiguration section */

/* Begin XCConfigurationList section */
		648E39BB2FD6334E00EE3177 /* Build configuration list for PBXProject "Network Sync" */ = {
			isa = XCConfigurationList;
			buildConfigurations = (
				648E39E42FD6335100EE3177 /* Debug */,
				648E39E52FD6335100EE3177 /* Release */,
			);
			defaultConfigurationIsVisible = 0;
			defaultConfigurationName = Release;
		};
		648E39E62FD6335100EE3177 /* Build configuration list for PBXNativeTarget "Network Sync" */ = {
			isa = XCConfigurationList;
			buildConfigurations = (
				648E39E72FD6335100EE3177 /* Debug */,
				648E39E82FD6335100EE3177 /* Release */,
			);
			defaultConfigurationIsVisible = 0;
			defaultConfigurationName = Release;
		};
		648E39E92FD6335100EE3177 /* Build configuration list for PBXNativeTarget "Network SyncTests" */ = {
			isa = XCConfigurationList;
			buildConfigurations = (
				648E39EA2FD6335100EE3177 /* Debug */,
				648E39EB2FD6335100EE3177 /* Release */,
			);
			defaultConfigurationIsVisible = 0;
			defaultConfigurationName = Release;
		};
		648E39EC2FD6335100EE3177 /* Build configuration list for PBXNativeTarget "Network SyncUITests" */ = {
			isa = XCConfigurationList;
			buildConfigurations = (
				648E39ED2FD6335100EE3177 /* Debug */,
				648E39EE2FD6335100EE3177 /* Release */,
			);
			defaultConfigurationIsVisible = 0;
			defaultConfigurationName = Release;
		};
/* End XCConfigurationList section */

/* Begin XCRemoteSwiftPackageReference section */
		644D5A5E2FFC40D300204FD5 /* XCRemoteSwiftPackageReference "Sparkle" */ = {
			isa = XCRemoteSwiftPackageReference;
			repositoryURL = "https://github.com/sparkle-project/Sparkle";
			requirement = {
				kind = upToNextMajorVersion;
				minimumVersion = 2.9.4;
			};
		};
/* End XCRemoteSwiftPackageReference section */

/* Begin XCSwiftPackageProductDependency section */
		644D5A5F2FFC42C900204FD5 /* Sparkle */ = {
			isa = XCSwiftPackageProductDependency;
			package = 644D5A5E2FFC40D300204FD5 /* XCRemoteSwiftPackageReference "Sparkle" */;
			productName = Sparkle;
		};
/* End XCSwiftPackageProductDependency section */
	};
	rootObject = 648E39B82FD6334E00EE3177 /* Project object */;
}
